
Microsoft Visual Studio Solution File, Format Version 12.00
# Visual Studio Version 17
VisualStudioVersion = 17.5.002.0
MinimumVisualStudioVersion = 10.0.40219.1
Project("{9A19103F-16F7-4668-BE54-9A1E7A4F7556}") = "GrpcDivision", "GrpcDivision\GrpcDivision.csproj", "{EF9023E6-0B27-4BAA-9202-3900C25766D8}"
EndProject
Project("{9A19103F-16F7-4668-BE54-9A1E7A4F7556}") = "GrpcDivisionClient", "GrpcDivisionClient\GrpcDivisionClient.csproj", "{6E307E93-E8C2-4A69-8632-533E472C4D4C}"
EndProject
Global
	GlobalSection(SolutionConfigurationPlatforms) = preSolution
		Debug|Any CPU = Debug|Any CPU
		Release|Any CPU = Release|Any CPU
	EndGlobalSection
	GlobalSection(ProjectConfigurationPlatforms) = postSolution
		{EF9023E6-0B27-4BAA-9202-3900C25766D8}.Debug|Any CPU.ActiveCfg = Debug|Any CPU
		{EF9023E6-0B27-4BAA-9202-3900C25766D8}.Debug|Any CPU.Build.0 = Debug|Any CPU
		{EF9023E6-0B27-4BAA-9202-3900C25766D8}.Release|Any CPU.ActiveCfg = Release|Any CPU
		{EF9023E6-0B27-4BAA-9202-3900C25766D8}.Release|Any CPU.Build.0 = Release|Any CPU
		{6E307E93-E8C2-4A69-8632-533E472C4D4C}.Debug|Any CPU.ActiveCfg = Debug|Any CPU
		{6E307E93-E8C2-4A69-8632-533E472C4D4C}.Debug|Any CPU.Build.0 = Debug|Any CPU
		{6E307E93-E8C2-4A69-8632-533E472C4D4C}.Release|Any CPU.ActiveCfg = Release|Any CPU
		{6E307E93-E8C2-4A69-8632-533E472C4D4C}.Release|Any CPU.Build.0 = Release|Any CPU
	EndGlobalSection
	GlobalSection(SolutionProperties) = preSolution
		HideSolutionNode = FALSE
	EndGlobalSection
	GlobalSection(ExtensibilityGlobals) = postSolution
		SolutionGuid = {294C5CCC-7366-4BB3-804F-F2C9F0E6D3F1}
	EndGlobalSection
EndGlobal
